// !$*UTF8*$!
{
	archiveVersion = 1;
	classes = {
	};
	objectVersion = 50;
	objects = {

/* Begin PBXBuildFile section */
		EDDE1CB820F82D4900A135E8 /* AppDelegate.swift in Sources */ = {isa = PBXBuildFile; fileRef = EDDE1CB720F82D4900A135E8 /* AppDelegate.swift */; };
		EDDE1CBA20F82D4900A135E8 /* ViewController.swift in Sources */ = {isa = PBXBuildFile; fileRef = EDDE1CB920F82D4900A135E8 /* ViewController.swift */; };
		EDDE1CBD20F82D4900A135E8 /* Main.storyboard in Resources */ = {isa = PBXBuildFile; fileRef = EDDE1CBB20F82D4900A135E8 /* Main.storyboard */; };
		EDDE1CC020F82D4900A135E8 /* TaggAR.xcdatamodeld in Sources */ = {isa = PBXBuildFile; fileRef = EDDE1CBE20F82D4900A135E8 /* TaggAR.xcdatamodeld */; };
		EDDE1CC220F82D4A00A135E8 /* Assets.xcassets in Resources */ = {isa = PBXBuildFile; fileRef = EDDE1CC120F82D4A00A135E8 /* Assets.xcassets */; };
		EDDE1CC520F82D4A00A135E8 /* LaunchScreen.storyboard in Resources */ = {isa = PBXBuildFile; fileRef = EDDE1CC320F82D4A00A135E8 /* LaunchScreen.storyboard */; };
		EDDE1CD020F82D4A00A135E8 /* TaggARTests.swift in Sources */ = {isa = PBXBuildFile; fileRef = EDDE1CCF20F82D4A00A135E8 /* TaggARTests.swift */; };
		EDDE1CDB20F82D4A00A135E8 /* TaggARUITests.swift in Sources */ = {isa = PBXBuildFile; fileRef = EDDE1CDA20F82D4A00A135E8 /* TaggARUITests.swift */; };
		EDDE1CE920F84E9A00A135E8 /* Home.storyboard in Resources */ = {isa = PBXBuildFile; fileRef = EDDE1CE820F84E9A00A135E8 /* Home.storyboard */; };
/* End PBXBuildFile section */

/* Begin PBXContainerItemProxy section */
		EDDE1CCC20F82D4A00A135E8 /* PBXContainerItemProxy */ = {
			isa = PBXContainerItemProxy;
			containerPortal = EDDE1CAC20F82D4900A135E8 /* Project object */;
			proxyType = 1;
			remoteGlobalIDString = EDDE1CB320F82D4900A135E8;
			remoteInfo = TaggAR;
		};
		EDDE1CD720F82D4A00A135E8 /* PBXContainerItemProxy */ = {
			isa = PBXContainerItemProxy;
			containerPortal = EDDE1CAC20F82D4900A135E8 /* Project object */;
			proxyType = 1;
			remoteGlobalIDString = EDDE1CB320F82D4900A135E8;
			remoteInfo = TaggAR;
		};
/* End PBXContainerItemProxy section */

/* Begin PBXFileReference section */
		EDDE1CB420F82D4900A135E8 /* TaggAR.app */ = {isa = PBXFileReference; explicitFileType = wrapper.application; includeInIndex = 0; path = TaggAR.app; sourceTree = BUILT_PRODUCTS_DIR; };
		EDDE1CB720F82D4900A135E8 /* AppDelegate.swift */ = {isa = PBXFileReference; lastKnownFileType = sourcecode.swift; path = AppDelegate.swift; sourceTree = "<group>"; };
		EDDE1CB920F82D4900A135E8 /* ViewController.swift */ = {isa = PBXFileReference; lastKnownFileType = sourcecode.swift; path = ViewController.swift; sourceTree = "<group>"; };
		EDDE1CBC20F82D4900A135E8 /* Base */ = {isa = PBXFileReference; lastKnownFileType = file.storyboard; name = Base; path = Base.lproj/Main.storyboard; sourceTree = "<group>"; };
		EDDE1CBF20F82D4900A135E8 /* TaggAR.xcdatamodel */ = {isa = PBXFileReference; lastKnownFileType = wrapper.xcdatamodel; path = TaggAR.xcdatamodel; sourceTree = "<group>"; };
		EDDE1CC120F82D4A00A135E8 /* Assets.xcassets */ = {isa = PBXFileReference; lastKnownFileType = folder.assetcatalog; path = Assets.xcassets; sourceTree = "<group>"; };
		EDDE1CC420F82D4A00A135E8 /* Base */ = {isa = PBXFileReference; lastKnownFileType = file.storyboard; name = Base; path = Base.lproj/LaunchScreen.storyboard; sourceTree = "<group>"; };
		EDDE1CC620F82D4A00A135E8 /* Info.plist */ = {isa = PBXFileReference; lastKnownFileType = text.plist.xml; path = Info.plist; sourceTree = "<group>"; };
		EDDE1CCB20F82D4A00A135E8 /* TaggARTests.xctest */ = {isa = PBXFileReference; explicitFileType = wrapper.cfbundle; includeInIndex = 0; path = TaggARTests.xctest; sourceTree = BUILT_PRODUCTS_DIR; };
		EDDE1CCF20F82D4A00A135E8 /* TaggARTests.swift */ = {isa = PBXFileReference; lastKnownFileType = sourcecode.swift; path = TaggARTests.swift; sourceTree = "<group>"; };
		EDDE1CD120F82D4A00A135E8 /* Info.plist */ = {isa = PBXFileReference; lastKnownFileType = text.plist.xml; path = Info.plist; sourceTree = "<group>"; };
		EDDE1CD620F82D4A00A135E8 /* TaggARUITests.xctest */ = {isa = PBXFileReference; explicitFileType = wrapper.cfbundle; includeInIndex = 0; path = TaggARUITests.xctest; sourceTree = BUILT_PRODUCTS_DIR; };
		EDDE1CDA20F82D4A00A135E8 /* TaggARUITests.swift */ = {isa = PBXFileReference; lastKnownFileType = sourcecode.swift; path = TaggARUITests.swift; sourceTree = "<group>"; };
		EDDE1CDC20F82D4A00A135E8 /* Info.plist */ = {isa = PBXFileReference; lastKnownFileType = text.plist.xml; path = Info.plist; sourceTree = "<group>"; };
		EDDE1CE820F84E9A00A135E8 /* Home.storyboard */ = {isa = PBXFileReference; lastKnownFileType = file.storyboard; path = Home.storyboard; sourceTree = "<group>"; };
/* End PBXFileReference section */

/* Begin PBXFrameworksBuildPhase section */
		EDDE1CB120F82D4900A135E8 /* Frameworks */ = {
			isa = PBXFrameworksBuildPhase;
			buildActionMask = 2147483647;
			files = (
			);
			runOnlyForDeploymentPostprocessing = 0;
		};
		EDDE1CC820F82D4A00A135E8 /* Frameworks */ = {
			isa = PBXFrameworksBuildPhase;
			buildActionMask = 2147483647;
			files = (
			);
			runOnlyForDeploymentPostprocessing = 0;
		};
		EDDE1CD320F82D4A00A135E8 /* Frameworks */ = {
			isa = PBXFrameworksBuildPhase;
			buildActionMask = 2147483647;
			files = (
			);
			runOnlyForDeploymentPostprocessing = 0;
		};
/* End PBXFrameworksBuildPhase section */

/* Begin PBXGroup section */
		EDDE1CAB20F82D4900A135E8 = {
			isa = PBXGroup;
			children = (
				EDDE1CB620F82D4900A135E8 /* TaggAR */,
				EDDE1CCE20F82D4A00A135E8 /* TaggARTests */,
				EDDE1CD920F82D4A00A135E8 /* TaggARUITests */,
				EDDE1CB520F82D4900A135E8 /* Products */,
			);
			sourceTree = "<group>";
		};
		EDDE1CB520F82D4900A135E8 /* Products */ = {
			isa = PBXGroup;
			children = (
				EDDE1CB420F82D4900A135E8 /* TaggAR.app */,
				EDDE1CCB20F82D4A00A135E8 /* TaggARTests.xctest */,
				EDDE1CD620F82D4A00A135E8 /* TaggARUITests.xctest */,
			);
			name = Products;
			sourceTree = "<group>";
		};
		EDDE1CB620F82D4900A135E8 /* TaggAR */ = {
			isa = PBXGroup;
			children = (
				EDDE1CB720F82D4900A135E8 /* AppDelegate.swift */,
				EDDE1CB920F82D4900A135E8 /* ViewController.swift */,
				EDDE1CBB20F82D4900A135E8 /* Main.storyboard */,
				EDDE1CC120F82D4A00A135E8 /* Assets.xcassets */,
				EDDE1CC320F82D4A00A135E8 /* LaunchScreen.storyboard */,
				EDDE1CC620F82D4A00A135E8 /* Info.plist */,
				EDDE1CBE20F82D4900A135E8 /* TaggAR.xcdatamodeld */,
				EDDE1CE820F84E9A00A135E8 /* Home.storyboard */,
			);
			path = TaggAR;
			sourceTree = "<group>";
		};
		EDDE1CCE20F82D4A00A135E8 /* TaggARTests */ = {
			isa = PBXGroup;
			children = (
				EDDE1CCF20F82D4A00A135E8 /* TaggARTests.swift */,
				EDDE1CD120F82D4A00A135E8 /* Info.plist */,
			);
			path = TaggARTests;
			sourceTree = "<group>";
		};
		EDDE1CD920F82D4A00A135E8 /* TaggARUITests */ = {
			isa = PBXGroup;
			children = (
				EDDE1CDA20F82D4A00A135E8 /* TaggARUITests.swift */,
				EDDE1CDC20F82D4A00A135E8 /* Info.plist */,
			);
			path = TaggARUITests;
			sourceTree = "<group>";
		};
/* End PBXGroup section */

/* Begin PBXNativeTarget section */
		EDDE1CB320F82D4900A135E8 /* TaggAR */ = {
			isa = PBXNativeTarget;
			buildConfigurationList = EDDE1CDF20F82D4A00A135E8 /* Build configuration list for PBXNativeTarget "TaggAR" */;
			buildPhases = (
				EDDE1CB020F82D4900A135E8 /* Sources */,
				EDDE1CB120F82D4900A135E8 /* Frameworks */,
				EDDE1CB220F82D4900A135E8 /* Resources */,
			);
			buildRules = (
			);
			dependencies = (
			);
			name = TaggAR;
			productName = TaggAR;
			productReference = EDDE1CB420F82D4900A135E8 /* TaggAR.app */;
			productType = "com.apple.product-type.application";
		};
		EDDE1CCA20F82D4A00A135E8 /* TaggARTests */ = {
			isa = PBXNativeTarget;
			buildConfigurationList = EDDE1CE220F82D4A00A135E8 /* Build configuration list for PBXNativeTarget "TaggARTests" */;
			buildPhases = (
				EDDE1CC720F82D4A00A135E8 /* Sources */,
				EDDE1CC820F82D4A00A135E8 /* Frameworks */,
				EDDE1CC920F82D4A00A135E8 /* Resources */,
			);
			buildRules = (
			);
			dependencies = (
				EDDE1CCD20F82D4A00A135E8 /* PBXTargetDependency */,
			);
			name = TaggARTests;
			productName = TaggARTests;
			productReference = EDDE1CCB20F82D4A00A135E8 /* TaggARTests.xctest */;
			productType = "com.apple.product-type.bundle.unit-test";
		};
		EDDE1CD520F82D4A00A135E8 /* TaggARUITests */ = {
			isa = PBXNativeTarget;
			buildConfigurationList = EDDE1CE520F82D4A00A135E8 /* Build configuration list for PBXNativeTarget "TaggARUITests" */;
			buildPhases = (
				EDDE1CD220F82D4A00A135E8 /* Sources */,
				EDDE1CD320F82D4A00A135E8 /* Frameworks */,
				EDDE1CD420F82D4A00A135E8 /* Resources */,
			);
			buildRules = (
			);
			dependencies = (
				EDDE1CD820F82D4A00A135E8 /* PBXTargetDependency */,
			);
			name = TaggARUITests;
			productName = TaggARUITests;
			productReference = EDDE1CD620F82D4A00A135E8 /* TaggARUITests.xctest */;
			productType = "com.apple.product-type.bundle.ui-testing";
		};
/* End PBXNativeTarget section */

/* Begin PBXProject section */
		EDDE1CAC20F82D4900A135E8 /* Project object */ = {
			isa = PBXProject;
			attributes = {
				LastSwiftUpdateCheck = 0940;
				LastUpgradeCheck = 0940;
				ORGANIZATIONNAME = "Ari Herman";
				TargetAttributes = {
					EDDE1CB320F82D4900A135E8 = {
						CreatedOnToolsVersion = 9.4.1;
					};
					EDDE1CCA20F82D4A00A135E8 = {
						CreatedOnToolsVersion = 9.4.1;
						TestTargetID = EDDE1CB320F82D4900A135E8;
					};
					EDDE1CD520F82D4A00A135E8 = {
						CreatedOnToolsVersion = 9.4.1;
						TestTargetID = EDDE1CB320F82D4900A135E8;
					};
				};
			};
			buildConfigurationList = EDDE1CAF20F82D4900A135E8 /* Build configuration list for PBXProject "TaggAR" */;
			compatibilityVersion = "Xcode 9.3";
			developmentRegion = en;
			hasScannedForEncodings = 0;
			knownRegions = (
				en,
				Base,
			);
			mainGroup = EDDE1CAB20F82D4900A135E8;
			productRefGroup = EDDE1CB520F82D4900A135E8 /* Products */;
			projectDirPath = "";
			projectRoot = "";
			targets = (
				EDDE1CB320F82D4900A135E8 /* TaggAR */,
				EDDE1CCA20F82D4A00A135E8 /* TaggARTests */,
				EDDE1CD520F82D4A00A135E8 /* TaggARUITests */,
			);
		};
/* End PBXProject section */

/* Begin PBXResourcesBuildPhase section */
		EDDE1CB220F82D4900A135E8 /* Resources */ = {
			isa = PBXResourcesBuildPhase;
			buildActionMask = 2147483647;
			files = (
				EDDE1CC520F82D4A00A135E8 /* LaunchScreen.storyboard in Resources */,
				EDDE1CC220F82D4A00A135E8 /* Assets.xcassets in Resources */,
				EDDE1CBD20F82D4900A135E8 /* Main.storyboard in Resources */,
				EDDE1CE920F84E9A00A135E8 /* Home.storyboard in Resources */,
			);
			runOnlyForDeploymentPostprocessing = 0;
		};
		EDDE1CC920F82D4A00A135E8 /* Resources */ = {
			isa = PBXResourcesBuildPhase;
			buildActionMask = 2147483647;
			files = (
			);
			runOnlyForDeploymentPostprocessing = 0;
		};
		EDDE1CD420F82D4A00A135E8 /* Resources */ = {
			isa = PBXResourcesBuildPhase;
			buildActionMask = 2147483647;
			files = (
			);
			runOnlyForDeploymentPostprocessing = 0;
		};
/* End PBXResourcesBuildPhase section */

/* Begin PBXSourcesBuildPhase section */
		EDDE1CB020F82D4900A135E8 /* Sources */ = {
			isa = PBXSourcesBuildPhase;
			buildActionMask = 2147483647;
			files = (
				EDDE1CBA20F82D4900A135E8 /* ViewController.swift in Sources */,
				EDDE1CB820F82D4900A135E8 /* AppDelegate.swift in Sources */,
				EDDE1CC020F82D4900A135E8 /* TaggAR.xcdatamodeld in Sources */,
			);
			runOnlyForDeploymentPostprocessing = 0;
		};
		EDDE1CC720F82D4A00A135E8 /* Sources */ = {
			isa = PBXSourcesBuildPhase;
			buildActionMask = 2147483647;
			files = (
				EDDE1CD020F82D4A00A135E8 /* TaggARTests.swift in Sources */,
			);
			runOnlyForDeploymentPostprocessing = 0;
		};
		EDDE1CD220F82D4A00A135E8 /* Sources */ = {
			isa = PBXSourcesBuildPhase;
			buildActionMask = 2147483647;
			files = (
				EDDE1CDB20F82D4A00A135E8 /* TaggARUITests.swift in Sources */,
			);
			runOnlyForDeploymentPostprocessing = 0;
		};
/* End PBXSourcesBuildPhase section */

/* Begin PBXTargetDependency section */
		EDDE1CCD20F82D4A00A135E8 /* PBXTargetDependency */ = {
			isa = PBXTargetDependency;
			target = EDDE1CB320F82D4900A135E8 /* TaggAR */;
			targetProxy = EDDE1CCC20F82D4A00A135E8 /* PBXContainerItemProxy */;
		};
		EDDE1CD820F82D4A00A135E8 /* PBXTargetDependency */ = {
			isa = PBXTargetDependency;
			target = EDDE1CB320F82D4900A135E8 /* TaggAR */;
			targetProxy = EDDE1CD720F82D4A00A135E8 /* PBXContainerItemProxy */;
		};
/* End PBXTargetDependency section */

/* Begin PBXVariantGroup section */
		EDDE1CBB20F82D4900A135E8 /* Main.storyboard */ = {
			isa = PBXVariantGroup;
			children = (
				EDDE1CBC20F82D4900A135E8 /* Base */,
			);
			name = Main.storyboard;
			sourceTree = "<group>";
		};
		EDDE1CC320F82D4A00A135E8 /* LaunchScreen.storyboard */ = {
			isa = PBXVariantGroup;
			children = (
				EDDE1CC420F82D4A00A135E8 /* Base */,
			);
			name = LaunchScreen.storyboard;
			sourceTree = "<group>";
		};
/* End PBXVariantGroup section */

/* Begin XCBuildConfiguration section */
		EDDE1CDD20F82D4A00A135E8 /* Debug */ = {
			isa = XCBuildConfiguration;
			buildSettings = {
				ALWAYS_SEARCH_USER_PATHS = NO;
				CLANG_ANALYZER_NONNULL = YES;
				CLANG_ANALYZER_NUMBER_OBJECT_CONVERSION = YES_AGGRESSIVE;
				CLANG_CXX_LANGUAGE_STANDARD = "gnu++14";
				CLANG_CXX_LIBRARY = "libc++";
				CLANG_ENABLE_MODULES = YES;
				CLANG_ENABLE_OBJC_ARC = YES;
				CLANG_ENABLE_OBJC_WEAK = YES;
				CLANG_WARN_BLOCK_CAPTURE_AUTORELEASING = YES;
				CLANG_WARN_BOOL_CONVERSION = YES;
				CLANG_WARN_COMMA = YES;
				CLANG_WARN_CONSTANT_CONVERSION = YES;
				CLANG_WARN_DEPRECATED_OBJC_IMPLEMENTATIONS = YES;
				CLANG_WARN_DIRECT_OBJC_ISA_USAGE = YES_ERROR;
				CLANG_WARN_DOCUMENTATION_COMMENTS = YES;
				CLANG_WARN_EMPTY_BODY = YES;
				CLANG_WARN_ENUM_CONVERSION = YES;
				CLANG_WARN_INFINITE_RECURSION = YES;
				CLANG_WARN_INT_CONVERSION = YES;
				CLANG_WARN_NON_LITERAL_NULL_CONVERSION = YES;
				CLANG_WARN_OBJC_IMPLICIT_RETAIN_SELF = YES;
				CLANG_WARN_OBJC_LITERAL_CONVERSION = YES;
				CLANG_WARN_OBJC_ROOT_CLASS = YES_ERROR;
				CLANG_WARN_RANGE_LOOP_ANALYSIS = YES;
				CLANG_WARN_STRICT_PROTOTYPES = YES;
				CLANG_WARN_SUSPICIOUS_MOVE = YES;
				CLANG_WARN_UNGUARDED_AVAILABILITY = YES_AGGRESSIVE;
				CLANG_WARN_UNREACHABLE_CODE = YES;
				CLANG_WARN__DUPLICATE_METHOD_MATCH = YES;
				CODE_SIGN_IDENTITY = "iPhone Developer";
				COPY_PHASE_STRIP = NO;
				DEBUG_INFORMATION_FORMAT = dwarf;
				ENABLE_STRICT_OBJC_MSGSEND = YES;
				ENABLE_TESTABILITY = YES;
				GCC_C_LANGUAGE_STANDARD = gnu11;
				GCC_DYNAMIC_NO_PIC = NO;
				GCC_NO_COMMON_BLOCKS = YES;
				GCC_OPTIMIZATION_LEVEL = 0;
				GCC_PREPROCESSOR_DEFINITIONS = (
					"DEBUG=1",
					"$(inherited)",
				);
				GCC_WARN_64_TO_32_BIT_CONVERSION = YES;
				GCC_WARN_ABOUT_RETURN_TYPE = YES_ERROR;
				GCC_WARN_UNDECLARED_SELECTOR = YES;
				GCC_WARN_UNINITIALIZED_AUTOS = YES_AGGRESSIVE;
				GCC_WARN_UNUSED_FUNCTION = YES;
				GCC_WARN_UNUSED_VARIABLE = YES;
				IPHONEOS_DEPLOYMENT_TARGET = 11.4;
				MTL_ENABLE_DEBUG_INFO = YES;
				ONLY_ACTIVE_ARCH = YES;
				SDKROOT = iphoneos;
				SWIFT_ACTIVE_COMPILATION_CONDITIONS = DEBUG;
				SWIFT_OPTIMIZATION_LEVEL = "-Onone";
			};
			name = Debug;
		};
		EDDE1CDE20F82D4A00A135E8 /* Release */ = {
			isa = XCBuildConfiguration;
			buildSettings = {
				ALWAYS_SEARCH_USER_PATHS = NO;
				CLANG_ANALYZER_NONNULL = YES;
				CLANG_ANALYZER_NUMBER_OBJECT_CONVERSION = YES_AGGRESSIVE;
				CLANG_CXX_LANGUAGE_STANDARD = "gnu++14";
				CLANG_CXX_LIBRARY = "libc++";
				CLANG_ENABLE_MODULES = YES;
				CLANG_ENABLE_OBJC_ARC = YES;
				CLANG_ENABLE_OBJC_WEAK = YES;
				CLANG_WARN_BLOCK_CAPTURE_AUTORELEASING = YES;
				CLANG_WARN_BOOL_CONVERSION = YES;
				CLANG_WARN_COMMA = YES;
				CLANG_WARN_CONSTANT_CONVERSION = YES;
				CLANG_WARN_DEPRECATED_OBJC_IMPLEMENTATIONS = YES;
				CLANG_WARN_DIRECT_OBJC_ISA_USAGE = YES_ERROR;
				CLANG_WARN_DOCUMENTATION_COMMENTS = YES;
				CLANG_WARN_EMPTY_BODY = YES;
				CLANG_WARN_ENUM_CONVERSION = YES;
				CLANG_WARN_INFINITE_RECURSION = YES;
				CLANG_WARN_INT_CONVERSION = YES;
				CLANG_WARN_NON_LITERAL_NULL_CONVERSION = YES;
				CLANG_WARN_OBJC_IMPLICIT_RETAIN_SELF = YES;
				CLANG_WARN_OBJC_LITERAL_CONVERSION = YES;
				CLANG_WARN_OBJC_ROOT_CLASS = YES_ERROR;
				CLANG_WARN_RANGE_LOOP_ANALYSIS = YES;
				CLANG_WARN_STRICT_PROTOTYPES = YES;
				CLANG_WARN_SUSPICIOUS_MOVE = YES;
				CLANG_WARN_UNGUARDED_AVAILABILITY = YES_AGGRESSIVE;
				CLANG_WARN_UNREACHABLE_CODE = YES;
				CLANG_WARN__DUPLICATE_METHOD_MATCH = YES;
				CODE_SIGN_IDENTITY = "iPhone Developer";
				COPY_PHASE_STRIP = NO;
				DEBUG_INFORMATION_FORMAT = "dwarf-with-dsym";
				ENABLE_NS_ASSERTIONS = NO;
				ENABLE_STRICT_OBJC_MSGSEND = YES;
				GCC_C_LANGUAGE_STANDARD = gnu11;
				GCC_NO_COMMON_BLOCKS = YES;
				GCC_WARN_64_TO_32_BIT_CONVERSION = YES;
				GCC_WARN_ABOUT_RETURN_TYPE = YES_ERROR;
				GCC_WARN_UNDECLARED_SELECTOR = YES;
				GCC_WARN_UNINITIALIZED_AUTOS = YES_AGGRESSIVE;
				GCC_WARN_UNUSED_FUNCTION = YES;
				GCC_WARN_UNUSED_VARIABLE = YES;
				IPHONEOS_DEPLOYMENT_TARGET = 11.4;
				MTL_ENABLE_DEBUG_INFO = NO;
				SDKROOT = iphoneos;
				SWIFT_COMPILATION_MODE = wholemodule;
				SWIFT_OPTIMIZATION_LEVEL = "-O";
				VALIDATE_PRODUCT = YES;
			};
			name = Release;
		};
		EDDE1CE020F82D4A00A135E8 /* Debug */ = {
			isa = XCBuildConfiguration;
			buildSettings = {
				ASSETCATALOG_COMPILER_APPICON_NAME = AppIcon;
				CODE_SIGN_STYLE = Automatic;
				DEVELOPMENT_TEAM = 545649AUW5;
				INFOPLIST_FILE = TaggAR/Info.plist;
				LD_RUNPATH_SEARCH_PATHS = (
					"$(inherited)",
					"@executable_path/Frameworks",
				);
				PRODUCT_BUNDLE_IDENTIFIER = "Ada-Developers-Academy.TaggAR";
				PRODUCT_NAME = "$(TARGET_NAME)";
				SWIFT_VERSION = 4.0;
				TARGETED_DEVICE_FAMILY = "1,2";
			};
			name = Debug;
		};
		EDDE1CE120F82D4A00A135E8 /* Release */ = {
			isa = XCBuildConfiguration;
			buildSettings = {
				ASSETCATALOG_COMPILER_APPICON_NAME = AppIcon;
				CODE_SIGN_STYLE = Automatic;
				DEVELOPMENT_TEAM = 545649AUW5;
				INFOPLIST_FILE = TaggAR/Info.plist;
				LD_RUNPATH_SEARCH_PATHS = (
					"$(inherited)",
					"@executable_path/Frameworks",
				);
				PRODUCT_BUNDLE_IDENTIFIER = "Ada-Developers-Academy.TaggAR";
				PRODUCT_NAME = "$(TARGET_NAME)";
				SWIFT_VERSION = 4.0;
				TARGETED_DEVICE_FAMILY = "1,2";
			};
			name = Release;
		};
		EDDE1CE320F82D4A00A135E8 /* Debug */ = {
			isa = XCBuildConfiguration;
			buildSettings = {
				ALWAYS_EMBED_SWIFT_STANDARD_LIBRARIES = YES;
				BUNDLE_LOADER = "$(TEST_HOST)";
				CODE_SIGN_STYLE = Automatic;
				DEVELOPMENT_TEAM = 545649AUW5;
				INFOPLIST_FILE = TaggARTests/Info.plist;
				LD_RUNPATH_SEARCH_PATHS = (
					"$(inherited)",
					"@executable_path/Frameworks",
					"@loader_path/Frameworks",
				);
				PRODUCT_BUNDLE_IDENTIFIER = "Ada-Developers-Academy.TaggARTests";
				PRODUCT_NAME = "$(TARGET_NAME)";
				SWIFT_VERSION = 4.0;
				TARGETED_DEVICE_FAMILY = "1,2";
				TEST_HOST = "$(BUILT_PRODUCTS_DIR)/TaggAR.app/TaggAR";
			};
			name = Debug;
		};
		EDDE1CE420F82D4A00A135E8 /* Release */ = {
			isa = XCBuildConfiguration;
			buildSettings = {
				ALWAYS_EMBED_SWIFT_STANDARD_LIBRARIES = YES;
				BUNDLE_LOADER = "$(TEST_HOST)";
				CODE_SIGN_STYLE = Automatic;
				DEVELOPMENT_TEAM = 545649AUW5;
				INFOPLIST_FILE = TaggARTests/Info.plist;
				LD_RUNPATH_SEARCH_PATHS = (
					"$(inherited)",
					"@executable_path/Frameworks",
					"@loader_path/Frameworks",
				);
				PRODUCT_BUNDLE_IDENTIFIER = "Ada-Developers-Academy.TaggARTests";
				PRODUCT_NAME = "$(TARGET_NAME)";
				SWIFT_VERSION = 4.0;
				TARGETED_DEVICE_FAMILY = "1,2";
				TEST_HOST = "$(BUILT_PRODUCTS_DIR)/TaggAR.app/TaggAR";
			};
			name = Release;
		};
		EDDE1CE620F82D4A00A135E8 /* Debug */ = {
			isa = XCBuildConfiguration;
			buildSettings = {
				ALWAYS_EMBED_SWIFT_STANDARD_LIBRARIES = YES;
				CODE_SIGN_STYLE = Automatic;
				DEVELOPMENT_TEAM = 545649AUW5;
				INFOPLIST_FILE = TaggARUITests/Info.plist;
				LD_RUNPATH_SEARCH_PATHS = (
					"$(inherited)",
					"@executable_path/Frameworks",
					"@loader_path/Frameworks",
				);
				PRODUCT_BUNDLE_IDENTIFIER = "Ada-Developers-Academy.TaggARUITests";
				PRODUCT_NAME = "$(TARGET_NAME)";
				SWIFT_VERSION = 4.0;
				TARGETED_DEVICE_FAMILY = "1,2";
				TEST_TARGET_NAME = TaggAR;
			};
			name = Debug;
		};
		EDDE1CE720F82D4A00A135E8 /* Release */ = {
			isa = XCBuildConfiguration;
			buildSettings = {
				ALWAYS_EMBED_SWIFT_STANDARD_LIBRARIES = YES;
				CODE_SIGN_STYLE = Automatic;
				DEVELOPMENT_TEAM = 545649AUW5;
				INFOPLIST_FILE = TaggARUITests/Info.plist;
				LD_RUNPATH_SEARCH_PATHS = (
					"$(inherited)",
					"@executable_path/Frameworks",
					"@loader_path/Frameworks",
				);
				PRODUCT_BUNDLE_IDENTIFIER = "Ada-Developers-Academy.TaggARUITests";
				PRODUCT_NAME = "$(TARGET_NAME)";
				SWIFT_VERSION = 4.0;
				TARGETED_DEVICE_FAMILY = "1,2";
				TEST_TARGET_NAME = TaggAR;
			};
			name = Release;
		};
/* End XCBuildConfiguration section */

/* Begin XCConfigurationList section */
		EDDE1CAF20F82D4900A135E8 /* Build configuration list for PBXProject "TaggAR" */ = {
			isa = XCConfigurationList;
			buildConfigurations = (
				EDDE1CDD20F82D4A00A135E8 /* Debug */,
				EDDE1CDE20F82D4A00A135E8 /* Release */,
			);
			defaultConfigurationIsVisible = 0;
			defaultConfigurationName = Release;
		};
		EDDE1CDF20F82D4A00A135E8 /* Build configuration list for PBXNativeTarget "TaggAR" */ = {
			isa = XCConfigurationList;
			buildConfigurations = (
				EDDE1CE020F82D4A00A135E8 /* Debug */,
				EDDE1CE120F82D4A00A135E8 /* Release */,
			);
			defaultConfigurationIsVisible = 0;
			defaultConfigurationName = Release;
		};
		EDDE1CE220F82D4A00A135E8 /* Build configuration list for PBXNativeTarget "TaggARTests" */ = {
			isa = XCConfigurationList;
			buildConfigurations = (
				EDDE1CE320F82D4A00A135E8 /* Debug */,
				EDDE1CE420F82D4A00A135E8 /* Release */,
			);
			defaultConfigurationIsVisible = 0;
			defaultConfigurationName = Release;
		};
		EDDE1CE520F82D4A00A135E8 /* Build configuration list for PBXNativeTarget "TaggARUITests" */ = {
			isa = XCConfigurationList;
			buildConfigurations = (
				EDDE1CE620F82D4A00A135E8 /* Debug */,
				EDDE1CE720F82D4A00A135E8 /* Release */,
			);
			defaultConfigurationIsVisible = 0;
			defaultConfigurationName = Release;
		};
/* End XCConfigurationList section */

/* Begin XCVersionGroup section */
		EDDE1CBE20F82D4900A135E8 /* TaggAR.xcdatamodeld */ = {
			isa = XCVersionGroup;
			children = (
				EDDE1CBF20F82D4900A135E8 /* TaggAR.xcdatamodel */,
			);
			currentVersion = EDDE1CBF20F82D4900A135E8 /* TaggAR.xcdatamodel */;
			path = TaggAR.xcdatamodeld;
			sourceTree = "<group>";
			versionGroupType = wrapper.xcdatamodel;
		};
/* End XCVersionGroup section */
	};
	rootObject = EDDE1CAC20F82D4900A135E8 /* Project object */;
}
